
Microsoft Visual Studio Solution File, Format Version 12.00
# Visual Studio Version 17
VisualStudioVersion = 17.4.33122.133
MinimumVisualStudioVersion = 10.0.40219.1
Project("{FAE04EC0-301F-11D3-BF4B-00C04F79EFBC}") = "DevFreela.API", "DevFreela.API\DevFreela.API.csproj", "{2E8DBF87-7207-44DB-8178-6DE5D61D8046}"
EndProject
Global
	GlobalSection(SolutionConfigurationPlatforms) = preSolution
		Debug|Any CPU = Debug|Any CPU
		Release|Any CPU = Release|Any CPU
	EndGlobalSection
	GlobalSection(ProjectConfigurationPlatforms) = postSolution
		{2E8DBF87-7207-44DB-8178-6DE5D61D8046}.Debug|Any CPU.ActiveCfg = Debug|Any CPU
		{2E8DBF87-7207-44DB-8178-6DE5D61D8046}.Debug|Any CPU.Build.0 = Debug|Any CPU
		{2E8DBF87-7207-44DB-8178-6DE5D61D8046}.Release|Any CPU.ActiveCfg = Release|Any CPU
		{2E8DBF87-7207-44DB-8178-6DE5D61D8046}.Release|Any CPU.Build.0 = Release|Any CPU
	EndGlobalSection
	GlobalSection(SolutionProperties) = preSolution
		HideSolutionNode = FALSE
	EndGlobalSection
	GlobalSection(ExtensibilityGlobals) = postSolution
		SolutionGuid = {8829B780-0C24-4EDA-A85A-8B8B61D032C6}
	EndGlobalSection
EndGlobal
