
Microsoft Visual Studio Solution File, Format Version 12.00
# Visual Studio Version 17
VisualStudioVersion = 17.4.33122.133
MinimumVisualStudioVersion = 10.0.40219.1
Project("{9A19103F-16F7-4668-BE54-9A1E7A4F7556}") = "DevFreela.API", "DevFreela.API\DevFreela.API.csproj", "{2E8DBF87-7207-44DB-8178-6DE5D61D8046}"
EndProject
Project("{9A19103F-16F7-4668-BE54-9A1E7A4F7556}") = "DevFreela.Core", "DevFreela.Core\DevFreela.Core.csproj", "{1B973734-4D3A-40F4-B24A-FCBBA66A1B11}"
EndProject
Project("{9A19103F-16F7-4668-BE54-9A1E7A4F7556}") = "DevFreela.Infrastructure", "DevFreela.Infraestructure\DevFreela.Infrastructure.csproj", "{5D9F8AF8-B7D5-4362-A318-146A7488A8EF}"
EndProject
Project("{FAE04EC0-301F-11D3-BF4B-00C04F79EFBC}") = "DevFreela.Application", "DevFreela.Application\DevFreela.Application.csproj", "{FCF07667-4507-4AD3-83FA-FA571C8C1D55}"
EndProject
Global
	GlobalSection(SolutionConfigurationPlatforms) = preSolution
		Debug|Any CPU = Debug|Any CPU
		Release|Any CPU = Release|Any CPU
	EndGlobalSection
	GlobalSection(ProjectConfigurationPlatforms) = postSolution
		{2E8DBF87-7207-44DB-8178-6DE5D61D8046}.Debug|Any CPU.ActiveCfg = Debug|Any CPU
		{2E8DBF87-7207-44DB-8178-6DE5D61D8046}.Debug|Any CPU.Build.0 = Debug|Any CPU
		{2E8DBF87-7207-44DB-8178-6DE5D61D8046}.Release|Any CPU.ActiveCfg = Release|Any CPU
		{2E8DBF87-7207-44DB-8178-6DE5D61D8046}.Release|Any CPU.Build.0 = Release|Any CPU
		{1B973734-4D3A-40F4-B24A-FCBBA66A1B11}.Debug|Any CPU.ActiveCfg = Debug|Any CPU
		{1B973734-4D3A-40F4-B24A-FCBBA66A1B11}.Debug|Any CPU.Build.0 = Debug|Any CPU
		{1B973734-4D3A-40F4-B24A-FCBBA66A1B11}.Release|Any CPU.ActiveCfg = Release|Any CPU
		{1B973734-4D3A-40F4-B24A-FCBBA66A1B11}.Release|Any CPU.Build.0 = Release|Any CPU
		{5D9F8AF8-B7D5-4362-A318-146A7488A8EF}.Debug|Any CPU.ActiveCfg = Debug|Any CPU
		{5D9F8AF8-B7D5-4362-A318-146A7488A8EF}.Debug|Any CPU.Build.0 = Debug|Any CPU
		{5D9F8AF8-B7D5-4362-A318-146A7488A8EF}.Release|Any CPU.ActiveCfg = Release|Any CPU
		{5D9F8AF8-B7D5-4362-A318-146A7488A8EF}.Release|Any CPU.Build.0 = Release|Any CPU
		{FCF07667-4507-4AD3-83FA-FA571C8C1D55}.Debug|Any CPU.ActiveCfg = Debug|Any CPU
		{FCF07667-4507-4AD3-83FA-FA571C8C1D55}.Debug|Any CPU.Build.0 = Debug|Any CPU
		{FCF07667-4507-4AD3-83FA-FA571C8C1D55}.Release|Any CPU.ActiveCfg = Release|Any CPU
		{FCF07667-4507-4AD3-83FA-FA571C8C1D55}.Release|Any CPU.Build.0 = Release|Any CPU
	EndGlobalSection
	GlobalSection(SolutionProperties) = preSolution
		HideSolutionNode = FALSE
	EndGlobalSection
	GlobalSection(ExtensibilityGlobals) = postSolution
		SolutionGuid = {8829B780-0C24-4EDA-A85A-8B8B61D032C6}
	EndGlobalSection
EndGlobal
